
Microsoft Visual Studio Solution File, Format Version 12.00
# Visual Studio Version 16
VisualStudioVersion = 16.0.30907.101
MinimumVisualStudioVersion = 10.0.40219.1
Project("{FAE04EC0-301F-11D3-BF4B-00C04F79EFBC}") = "JewelleryStoreDesign", "JewelleryStoreDesign.csproj", "{E30AA4B3-62A4-49C5-9D02-67ADC229F6D2}"
EndProject
Global
	GlobalSection(SolutionConfigurationPlatforms) = preSolution
		Debug|Any CPU = Debug|Any CPU
		Release|Any CPU = Release|Any CPU
	EndGlobalSection
	GlobalSection(ProjectConfigurationPlatforms) = postSolution
		{E30AA4B3-62A4-49C5-9D02-67ADC229F6D2}.Debug|Any CPU.ActiveCfg = Debug|Any CPU
		{E30AA4B3-62A4-49C5-9D02-67ADC229F6D2}.Debug|Any CPU.Build.0 = Debug|Any CPU
		{E30AA4B3-62A4-49C5-9D02-67ADC229F6D2}.Release|Any CPU.ActiveCfg = Release|Any CPU
		{E30AA4B3-62A4-49C5-9D02-67ADC229F6D2}.Release|Any CPU.Build.0 = Release|Any CPU
	EndGlobalSection
	GlobalSection(SolutionProperties) = preSolution
		HideSolutionNode = FALSE
	EndGlobalSection
	GlobalSection(ExtensibilityGlobals) = postSolution
		SolutionGuid = {44957666-BD40-4E6E-A7C4-4BFF8133E9CA}
	EndGlobalSection
EndGlobal
